
Microsoft Visual Studio Solution File, Format Version 12.00
# Visual Studio Version 17
VisualStudioVersion = 17.0.31903.59
MinimumVisualStudioVersion = 10.0.40219.1
Project("{FAE04EC0-301F-11D3-BF4B-00C04F79EFBC}") = "JobScheduler.UI", "JobScheduler.UI\JobScheduler.UI.csproj", "{C403F59D-9AD3-40DE-9CEA-00A785FB482A}"
EndProject
Project("{FAE04EC0-301F-11D3-BF4B-00C04F79EFBC}") = "JobScheduler.Processing", "JobScheduler.Processing\JobScheduler.Processing.csproj", "{85C6DFE7-E759-4BFD-8032-8316FCF16A13}"
EndProject
Project("{FAE04EC0-301F-11D3-BF4B-00C04F79EFBC}") = "JobScheduler.Integration", "JobScheduler.Integration\JobScheduler.Integration.csproj", "{245EDBC9-D3F1-4A74-A4BA-38685FA9AA4A}"
EndProject
Global
	GlobalSection(SolutionConfigurationPlatforms) = preSolution
		Debug|Any CPU = Debug|Any CPU
		Release|Any CPU = Release|Any CPU
	EndGlobalSection
	GlobalSection(SolutionProperties) = preSolution
		HideSolutionNode = FALSE
	EndGlobalSection
	GlobalSection(ProjectConfigurationPlatforms) = postSolution
		{C403F59D-9AD3-40DE-9CEA-00A785FB482A}.Debug|Any CPU.ActiveCfg = Debug|Any CPU
		{C403F59D-9AD3-40DE-9CEA-00A785FB482A}.Debug|Any CPU.Build.0 = Debug|Any CPU
		{C403F59D-9AD3-40DE-9CEA-00A785FB482A}.Release|Any CPU.ActiveCfg = Release|Any CPU
		{C403F59D-9AD3-40DE-9CEA-00A785FB482A}.Release|Any CPU.Build.0 = Release|Any CPU
		{85C6DFE7-E759-4BFD-8032-8316FCF16A13}.Debug|Any CPU.ActiveCfg = Debug|Any CPU
		{85C6DFE7-E759-4BFD-8032-8316FCF16A13}.Debug|Any CPU.Build.0 = Debug|Any CPU
		{85C6DFE7-E759-4BFD-8032-8316FCF16A13}.Release|Any CPU.ActiveCfg = Release|Any CPU
		{85C6DFE7-E759-4BFD-8032-8316FCF16A13}.Release|Any CPU.Build.0 = Release|Any CPU
		{245EDBC9-D3F1-4A74-A4BA-38685FA9AA4A}.Debug|Any CPU.ActiveCfg = Debug|Any CPU
		{245EDBC9-D3F1-4A74-A4BA-38685FA9AA4A}.Debug|Any CPU.Build.0 = Debug|Any CPU
		{245EDBC9-D3F1-4A74-A4BA-38685FA9AA4A}.Release|Any CPU.ActiveCfg = Release|Any CPU
		{245EDBC9-D3F1-4A74-A4BA-38685FA9AA4A}.Release|Any CPU.Build.0 = Release|Any CPU
	EndGlobalSection
EndGlobal
